
Microsoft Visual Studio Solution File, Format Version 12.00
# Visual Studio Version 17
VisualStudioVersion = 17.9.34728.123
MinimumVisualStudioVersion = 10.0.40219.1
Project("{FAE04EC0-301F-11D3-BF4B-00C04F79EFBC}") = "ProgramacionIII-Actividad1", "ProgramacionIII-Actividad1\ProgramacionIII-Actividad1.csproj", "{8D6A69D4-9B15-4620-BAFA-71536DB30248}"
EndProject
Global
	GlobalSection(SolutionConfigurationPlatforms) = preSolution
		Debug|Any CPU = Debug|Any CPU
		Release|Any CPU = Release|Any CPU
	EndGlobalSection
	GlobalSection(ProjectConfigurationPlatforms) = postSolution
		{8D6A69D4-9B15-4620-BAFA-71536DB30248}.Debug|Any CPU.ActiveCfg = Debug|Any CPU
		{8D6A69D4-9B15-4620-BAFA-71536DB30248}.Debug|Any CPU.Build.0 = Debug|Any CPU
		{8D6A69D4-9B15-4620-BAFA-71536DB30248}.Release|Any CPU.ActiveCfg = Release|Any CPU
		{8D6A69D4-9B15-4620-BAFA-71536DB30248}.Release|Any CPU.Build.0 = Release|Any CPU
	EndGlobalSection
	GlobalSection(SolutionProperties) = preSolution
		HideSolutionNode = FALSE
	EndGlobalSection
	GlobalSection(ExtensibilityGlobals) = postSolution
		SolutionGuid = {745AB1DB-1250-456B-B007-F5F0E4E1365C}
	EndGlobalSection
EndGlobal
